// !$*UTF8*$!
{
	archiveVersion = 1;
	classes = {
	};
	objectVersion = 46;
	objects = {

/* Begin PBXBuildFile section */
		E86C9BBC1DB07857003EA077 /* AppDelegate.swift in Sources */ = {isa = PBXBuildFile; fileRef = E86C9BBB1DB07857003EA077 /* AppDelegate.swift */; };
		E86C9BBE1DB07857003EA077 /* ViewController.swift in Sources */ = {isa = PBXBuildFile; fileRef = E86C9BBD1DB07857003EA077 /* ViewController.swift */; };
		E86C9BC11DB07857003EA077 /* Main.storyboard in Resources */ = {isa = PBXBuildFile; fileRef = E86C9BBF1DB07857003EA077 /* Main.storyboard */; };
		E86C9BC31DB07857003EA077 /* Assets.xcassets in Resources */ = {isa = PBXBuildFile; fileRef = E86C9BC21DB07857003EA077 /* Assets.xcassets */; };
		E86C9BC61DB07857003EA077 /* LaunchScreen.storyboard in Resources */ = {isa = PBXBuildFile; fileRef = E86C9BC41DB07857003EA077 /* LaunchScreen.storyboard */; };
		E86C9BCF1DB078F0003EA077 /* UIViewController+alert.swift in Sources */ = {isa = PBXBuildFile; fileRef = E86C9BCE1DB078F0003EA077 /* UIViewController+alert.swift */; };
		E86C9BD11DB08170003EA077 /* SampleDataSource.swift in Sources */ = {isa = PBXBuildFile; fileRef = E86C9BD01DB08170003EA077 /* SampleDataSource.swift */; };
		E86C9BD41DB08335003EA077 /* SpeechRecognition.storyboard in Resources */ = {isa = PBXBuildFile; fileRef = E86C9BD31DB08335003EA077 /* SpeechRecognition.storyboard */; };
		E86C9BD61DB0834B003EA077 /* SpeechRecognitionViewController.swift in Sources */ = {isa = PBXBuildFile; fileRef = E86C9BD51DB0834B003EA077 /* SpeechRecognitionViewController.swift */; };
		E86C9BD81DB084C9003EA077 /* SampleTableViewCell.swift in Sources */ = {isa = PBXBuildFile; fileRef = E86C9BD71DB084C9003EA077 /* SampleTableViewCell.swift */; };
		E883815F1DB4A07500AA2ADA /* LooperViewController.swift in Sources */ = {isa = PBXBuildFile; fileRef = E883815E1DB4A07500AA2ADA /* LooperViewController.swift */; };
		E88381611DB4A08100AA2ADA /* Looper.storyboard in Resources */ = {isa = PBXBuildFile; fileRef = E88381601DB4A08100AA2ADA /* Looper.storyboard */; };
		E88381691DB4A1DB00AA2ADA /* superquest_attack.mp4 in Resources */ = {isa = PBXBuildFile; fileRef = E88381671DB4A1DB00AA2ADA /* superquest_attack.mp4 */; };
		E883816A1DB4A1DB00AA2ADA /* superquest.mp4 in Resources */ = {isa = PBXBuildFile; fileRef = E88381681DB4A1DB00AA2ADA /* superquest.mp4 */; };
		E883816C1DB4A20500AA2ADA /* Looper.swift in Sources */ = {isa = PBXBuildFile; fileRef = E883816B1DB4A20500AA2ADA /* Looper.swift */; };
		E883816F1DB4CC3300AA2ADA /* LivePhotoCapture.storyboard in Resources */ = {isa = PBXBuildFile; fileRef = E883816E1DB4CC3300AA2ADA /* LivePhotoCapture.storyboard */; };
		E88381711DB4CC7000AA2ADA /* LivePhotoCaptureViewController.swift in Sources */ = {isa = PBXBuildFile; fileRef = E88381701DB4CC7000AA2ADA /* LivePhotoCaptureViewController.swift */; };
		E88381731DB4CCAB00AA2ADA /* PreviewView.swift in Sources */ = {isa = PBXBuildFile; fileRef = E88381721DB4CCAB00AA2ADA /* PreviewView.swift */; };
		E88381751DB4CDD600AA2ADA /* LivePhotoCaptureDelegate.swift in Sources */ = {isa = PBXBuildFile; fileRef = E88381741DB4CDD600AA2ADA /* LivePhotoCaptureDelegate.swift */; };
/* End PBXBuildFile section */

/* Begin PBXFileReference section */
		E86C9BB81DB07857003EA077 /* iOS-10-Sampler.app */ = {isa = PBXFileReference; explicitFileType = wrapper.application; includeInIndex = 0; path = "iOS-10-Sampler.app"; sourceTree = BUILT_PRODUCTS_DIR; };
		E86C9BBB1DB07857003EA077 /* AppDelegate.swift */ = {isa = PBXFileReference; lastKnownFileType = sourcecode.swift; path = AppDelegate.swift; sourceTree = "<group>"; };
		E86C9BBD1DB07857003EA077 /* ViewController.swift */ = {isa = PBXFileReference; lastKnownFileType = sourcecode.swift; path = ViewController.swift; sourceTree = "<group>"; };
		E86C9BC01DB07857003EA077 /* Base */ = {isa = PBXFileReference; lastKnownFileType = file.storyboard; name = Base; path = Base.lproj/Main.storyboard; sourceTree = "<group>"; };
		E86C9BC21DB07857003EA077 /* Assets.xcassets */ = {isa = PBXFileReference; lastKnownFileType = folder.assetcatalog; path = Assets.xcassets; sourceTree = "<group>"; };
		E86C9BC51DB07857003EA077 /* Base */ = {isa = PBXFileReference; lastKnownFileType = file.storyboard; name = Base; path = Base.lproj/LaunchScreen.storyboard; sourceTree = "<group>"; };
		E86C9BC71DB07857003EA077 /* Info.plist */ = {isa = PBXFileReference; lastKnownFileType = text.plist.xml; path = Info.plist; sourceTree = "<group>"; };
		E86C9BCE1DB078F0003EA077 /* UIViewController+alert.swift */ = {isa = PBXFileReference; fileEncoding = 4; lastKnownFileType = sourcecode.swift; path = "UIViewController+alert.swift"; sourceTree = "<group>"; };
		E86C9BD01DB08170003EA077 /* SampleDataSource.swift */ = {isa = PBXFileReference; fileEncoding = 4; lastKnownFileType = sourcecode.swift; path = SampleDataSource.swift; sourceTree = "<group>"; };
		E86C9BD31DB08335003EA077 /* SpeechRecognition.storyboard */ = {isa = PBXFileReference; fileEncoding = 4; lastKnownFileType = file.storyboard; path = SpeechRecognition.storyboard; sourceTree = "<group>"; };
		E86C9BD51DB0834B003EA077 /* SpeechRecognitionViewController.swift */ = {isa = PBXFileReference; fileEncoding = 4; lastKnownFileType = sourcecode.swift; path = SpeechRecognitionViewController.swift; sourceTree = "<group>"; };
		E86C9BD71DB084C9003EA077 /* SampleTableViewCell.swift */ = {isa = PBXFileReference; fileEncoding = 4; lastKnownFileType = sourcecode.swift; path = SampleTableViewCell.swift; sourceTree = "<group>"; };
		E883815E1DB4A07500AA2ADA /* LooperViewController.swift */ = {isa = PBXFileReference; fileEncoding = 4; lastKnownFileType = sourcecode.swift; path = LooperViewController.swift; sourceTree = "<group>"; };
		E88381601DB4A08100AA2ADA /* Looper.storyboard */ = {isa = PBXFileReference; fileEncoding = 4; lastKnownFileType = file.storyboard; path = Looper.storyboard; sourceTree = "<group>"; };
		E88381661DB4A1CA00AA2ADA /* superquest_levelup.m4a */ = {isa = PBXFileReference; lastKnownFileType = file; path = superquest_levelup.m4a; sourceTree = "<group>"; };
		E88381671DB4A1DB00AA2ADA /* superquest_attack.mp4 */ = {isa = PBXFileReference; lastKnownFileType = file; path = superquest_attack.mp4; sourceTree = "<group>"; };
		E88381681DB4A1DB00AA2ADA /* superquest.mp4 */ = {isa = PBXFileReference; lastKnownFileType = file; path = superquest.mp4; sourceTree = "<group>"; };
		E883816B1DB4A20500AA2ADA /* Looper.swift */ = {isa = PBXFileReference; fileEncoding = 4; lastKnownFileType = sourcecode.swift; path = Looper.swift; sourceTree = "<group>"; };
		E883816E1DB4CC3300AA2ADA /* LivePhotoCapture.storyboard */ = {isa = PBXFileReference; fileEncoding = 4; lastKnownFileType = file.storyboard; path = LivePhotoCapture.storyboard; sourceTree = "<group>"; };
		E88381701DB4CC7000AA2ADA /* LivePhotoCaptureViewController.swift */ = {isa = PBXFileReference; fileEncoding = 4; lastKnownFileType = sourcecode.swift; path = LivePhotoCaptureViewController.swift; sourceTree = "<group>"; };
		E88381721DB4CCAB00AA2ADA /* PreviewView.swift */ = {isa = PBXFileReference; fileEncoding = 4; lastKnownFileType = sourcecode.swift; path = PreviewView.swift; sourceTree = "<group>"; };
		E88381741DB4CDD600AA2ADA /* LivePhotoCaptureDelegate.swift */ = {isa = PBXFileReference; fileEncoding = 4; lastKnownFileType = sourcecode.swift; path = LivePhotoCaptureDelegate.swift; sourceTree = "<group>"; };
/* End PBXFileReference section */

/* Begin PBXFrameworksBuildPhase section */
		E86C9BB51DB07857003EA077 /* Frameworks */ = {
			isa = PBXFrameworksBuildPhase;
			buildActionMask = 2147483647;
			files = (
			);
			runOnlyForDeploymentPostprocessing = 0;
		};
/* End PBXFrameworksBuildPhase section */

/* Begin PBXGroup section */
		E86C9BAF1DB07857003EA077 = {
			isa = PBXGroup;
			children = (
				E88381621DB4A19900AA2ADA /* Resources */,
				E86C9BBA1DB07857003EA077 /* iOS-10-Sampler */,
				E86C9BCD1DB0786D003EA077 /* Samples */,
				E86C9BB91DB07857003EA077 /* Products */,
			);
			sourceTree = "<group>";
		};
		E86C9BB91DB07857003EA077 /* Products */ = {
			isa = PBXGroup;
			children = (
				E86C9BB81DB07857003EA077 /* iOS-10-Sampler.app */,
			);
			name = Products;
			sourceTree = "<group>";
		};
		E86C9BBA1DB07857003EA077 /* iOS-10-Sampler */ = {
			isa = PBXGroup;
			children = (
				E86C9BBB1DB07857003EA077 /* AppDelegate.swift */,
				E86C9BBD1DB07857003EA077 /* ViewController.swift */,
				E86C9BCE1DB078F0003EA077 /* UIViewController+alert.swift */,
				E86C9BD71DB084C9003EA077 /* SampleTableViewCell.swift */,
				E86C9BD01DB08170003EA077 /* SampleDataSource.swift */,
				E86C9BBF1DB07857003EA077 /* Main.storyboard */,
				E86C9BC21DB07857003EA077 /* Assets.xcassets */,
				E86C9BC41DB07857003EA077 /* LaunchScreen.storyboard */,
				E86C9BC71DB07857003EA077 /* Info.plist */,
			);
			path = "iOS-10-Sampler";
			sourceTree = "<group>";
		};
		E86C9BCD1DB0786D003EA077 /* Samples */ = {
			isa = PBXGroup;
			children = (
				E883815D1DB4A05000AA2ADA /* Looper */,
				E883816D1DB4CC1500AA2ADA /* LivePhotoCapture */,
				E86C9BD21DB08324003EA077 /* SpeechRecognition */,
			);
			name = Samples;
			path = "iOS-10-Sampler";
			sourceTree = "<group>";
		};
		E86C9BD21DB08324003EA077 /* SpeechRecognition */ = {
			isa = PBXGroup;
			children = (
				E86C9BD51DB0834B003EA077 /* SpeechRecognitionViewController.swift */,
				E86C9BD31DB08335003EA077 /* SpeechRecognition.storyboard */,
			);
			name = SpeechRecognition;
			sourceTree = "<group>";
		};
		E883815D1DB4A05000AA2ADA /* Looper */ = {
			isa = PBXGroup;
			children = (
				E883815E1DB4A07500AA2ADA /* LooperViewController.swift */,
				E88381601DB4A08100AA2ADA /* Looper.storyboard */,
				E883816B1DB4A20500AA2ADA /* Looper.swift */,
			);
			name = Looper;
			path = ..;
			sourceTree = "<group>";
		};
		E88381621DB4A19900AA2ADA /* Resources */ = {
			isa = PBXGroup;
			children = (
				E88381651DB4A1BB00AA2ADA /* sounds */,
				E88381641DB4A1AE00AA2ADA /* movies */,
				E88381631DB4A1A300AA2ADA /* network_params */,
			);
			name = Resources;
			sourceTree = "<group>";
		};
		E88381631DB4A1A300AA2ADA /* network_params */ = {
			isa = PBXGroup;
			children = (
			);
			name = network_params;
			sourceTree = "<group>";
		};
		E88381641DB4A1AE00AA2ADA /* movies */ = {
			isa = PBXGroup;
			children = (
				E88381671DB4A1DB00AA2ADA /* superquest_attack.mp4 */,
				E88381681DB4A1DB00AA2ADA /* superquest.mp4 */,
			);
			name = movies;
			sourceTree = "<group>";
		};
		E88381651DB4A1BB00AA2ADA /* sounds */ = {
			isa = PBXGroup;
			children = (
				E88381661DB4A1CA00AA2ADA /* superquest_levelup.m4a */,
			);
			name = sounds;
			sourceTree = "<group>";
		};
		E883816D1DB4CC1500AA2ADA /* LivePhotoCapture */ = {
			isa = PBXGroup;
			children = (
				E883816E1DB4CC3300AA2ADA /* LivePhotoCapture.storyboard */,
				E88381701DB4CC7000AA2ADA /* LivePhotoCaptureViewController.swift */,
				E88381721DB4CCAB00AA2ADA /* PreviewView.swift */,
				E88381741DB4CDD600AA2ADA /* LivePhotoCaptureDelegate.swift */,
			);
			name = LivePhotoCapture;
			path = ..;
			sourceTree = "<group>";
		};
/* End PBXGroup section */

/* Begin PBXNativeTarget section */
		E86C9BB71DB07857003EA077 /* iOS-10-Sampler */ = {
			isa = PBXNativeTarget;
			buildConfigurationList = E86C9BCA1DB07857003EA077 /* Build configuration list for PBXNativeTarget "iOS-10-Sampler" */;
			buildPhases = (
				E86C9BB41DB07857003EA077 /* Sources */,
				E86C9BB51DB07857003EA077 /* Frameworks */,
				E86C9BB61DB07857003EA077 /* Resources */,
			);
			buildRules = (
			);
			dependencies = (
			);
			name = "iOS-10-Sampler";
			productName = "iOS-10-Sampler";
			productReference = E86C9BB81DB07857003EA077 /* iOS-10-Sampler.app */;
			productType = "com.apple.product-type.application";
		};
/* End PBXNativeTarget section */

/* Begin PBXProject section */
		E86C9BB01DB07857003EA077 /* Project object */ = {
			isa = PBXProject;
			attributes = {
				LastSwiftUpdateCheck = 0800;
				LastUpgradeCheck = 0800;
				ORGANIZATIONNAME = shf2;
				TargetAttributes = {
					E86C9BB71DB07857003EA077 = {
						CreatedOnToolsVersion = 8.0;
						DevelopmentTeam = P2VUSKCQLP;
						ProvisioningStyle = Automatic;
					};
				};
			};
			buildConfigurationList = E86C9BB31DB07857003EA077 /* Build configuration list for PBXProject "iOS-10-Sampler" */;
			compatibilityVersion = "Xcode 3.2";
			developmentRegion = English;
			hasScannedForEncodings = 0;
			knownRegions = (
				en,
				Base,
			);
			mainGroup = E86C9BAF1DB07857003EA077;
			productRefGroup = E86C9BB91DB07857003EA077 /* Products */;
			projectDirPath = "";
			projectRoot = "";
			targets = (
				E86C9BB71DB07857003EA077 /* iOS-10-Sampler */,
			);
		};
/* End PBXProject section */

/* Begin PBXResourcesBuildPhase section */
		E86C9BB61DB07857003EA077 /* Resources */ = {
			isa = PBXResourcesBuildPhase;
			buildActionMask = 2147483647;
			files = (
				E883816F1DB4CC3300AA2ADA /* LivePhotoCapture.storyboard in Resources */,
				E88381611DB4A08100AA2ADA /* Looper.storyboard in Resources */,
				E883816A1DB4A1DB00AA2ADA /* superquest.mp4 in Resources */,
				E86C9BD41DB08335003EA077 /* SpeechRecognition.storyboard in Resources */,
				E86C9BC61DB07857003EA077 /* LaunchScreen.storyboard in Resources */,
				E86C9BC31DB07857003EA077 /* Assets.xcassets in Resources */,
				E88381691DB4A1DB00AA2ADA /* superquest_attack.mp4 in Resources */,
				E86C9BC11DB07857003EA077 /* Main.storyboard in Resources */,
			);
			runOnlyForDeploymentPostprocessing = 0;
		};
/* End PBXResourcesBuildPhase section */

/* Begin PBXSourcesBuildPhase section */
		E86C9BB41DB07857003EA077 /* Sources */ = {
			isa = PBXSourcesBuildPhase;
			buildActionMask = 2147483647;
			files = (
				E883816C1DB4A20500AA2ADA /* Looper.swift in Sources */,
				E86C9BD61DB0834B003EA077 /* SpeechRecognitionViewController.swift in Sources */,
				E86C9BD81DB084C9003EA077 /* SampleTableViewCell.swift in Sources */,
				E86C9BCF1DB078F0003EA077 /* UIViewController+alert.swift in Sources */,
				E88381711DB4CC7000AA2ADA /* LivePhotoCaptureViewController.swift in Sources */,
				E88381731DB4CCAB00AA2ADA /* PreviewView.swift in Sources */,
				E86C9BBE1DB07857003EA077 /* ViewController.swift in Sources */,
				E88381751DB4CDD600AA2ADA /* LivePhotoCaptureDelegate.swift in Sources */,
				E86C9BD11DB08170003EA077 /* SampleDataSource.swift in Sources */,
				E883815F1DB4A07500AA2ADA /* LooperViewController.swift in Sources */,
				E86C9BBC1DB07857003EA077 /* AppDelegate.swift in Sources */,
			);
			runOnlyForDeploymentPostprocessing = 0;
		};
/* End PBXSourcesBuildPhase section */

/* Begin PBXVariantGroup section */
		E86C9BBF1DB07857003EA077 /* Main.storyboard */ = {
			isa = PBXVariantGroup;
			children = (
				E86C9BC01DB07857003EA077 /* Base */,
			);
			name = Main.storyboard;
			sourceTree = "<group>";
		};
		E86C9BC41DB07857003EA077 /* LaunchScreen.storyboard */ = {
			isa = PBXVariantGroup;
			children = (
				E86C9BC51DB07857003EA077 /* Base */,
			);
			name = LaunchScreen.storyboard;
			sourceTree = "<group>";
		};
/* End PBXVariantGroup section */

/* Begin XCBuildConfiguration section */
		E86C9BC81DB07857003EA077 /* Debug */ = {
			isa = XCBuildConfiguration;
			buildSettings = {
				ALWAYS_SEARCH_USER_PATHS = NO;
				CLANG_ANALYZER_NONNULL = YES;
				CLANG_CXX_LANGUAGE_STANDARD = "gnu++0x";
				CLANG_CXX_LIBRARY = "libc++";
				CLANG_ENABLE_MODULES = YES;
				CLANG_ENABLE_OBJC_ARC = YES;
				CLANG_WARN_BOOL_CONVERSION = YES;
				CLANG_WARN_CONSTANT_CONVERSION = YES;
				CLANG_WARN_DIRECT_OBJC_ISA_USAGE = YES_ERROR;
				CLANG_WARN_DOCUMENTATION_COMMENTS = YES;
				CLANG_WARN_EMPTY_BODY = YES;
				CLANG_WARN_ENUM_CONVERSION = YES;
				CLANG_WARN_INFINITE_RECURSION = YES;
				CLANG_WARN_INT_CONVERSION = YES;
				CLANG_WARN_OBJC_ROOT_CLASS = YES_ERROR;
				CLANG_WARN_SUSPICIOUS_MOVES = YES;
				CLANG_WARN_UNREACHABLE_CODE = YES;
				CLANG_WARN__DUPLICATE_METHOD_MATCH = YES;
				"CODE_SIGN_IDENTITY[sdk=iphoneos*]" = "iPhone Developer";
				COPY_PHASE_STRIP = NO;
				DEBUG_INFORMATION_FORMAT = dwarf;
				ENABLE_STRICT_OBJC_MSGSEND = YES;
				ENABLE_TESTABILITY = YES;
				GCC_C_LANGUAGE_STANDARD = gnu99;
				GCC_DYNAMIC_NO_PIC = NO;
				GCC_NO_COMMON_BLOCKS = YES;
				GCC_OPTIMIZATION_LEVEL = 0;
				GCC_PREPROCESSOR_DEFINITIONS = (
					"DEBUG=1",
					"$(inherited)",
				);
				GCC_WARN_64_TO_32_BIT_CONVERSION = YES;
				GCC_WARN_ABOUT_RETURN_TYPE = YES_ERROR;
				GCC_WARN_UNDECLARED_SELECTOR = YES;
				GCC_WARN_UNINITIALIZED_AUTOS = YES_AGGRESSIVE;
				GCC_WARN_UNUSED_FUNCTION = YES;
				GCC_WARN_UNUSED_VARIABLE = YES;
				IPHONEOS_DEPLOYMENT_TARGET = 10.0;
				MTL_ENABLE_DEBUG_INFO = YES;
				ONLY_ACTIVE_ARCH = YES;
				SDKROOT = iphoneos;
				SWIFT_ACTIVE_COMPILATION_CONDITIONS = DEBUG;
				SWIFT_OPTIMIZATION_LEVEL = "-Onone";
				TARGETED_DEVICE_FAMILY = "1,2";
			};
			name = Debug;
		};
		E86C9BC91DB07857003EA077 /* Release */ = {
			isa = XCBuildConfiguration;
			buildSettings = {
				ALWAYS_SEARCH_USER_PATHS = NO;
				CLANG_ANALYZER_NONNULL = YES;
				CLANG_CXX_LANGUAGE_STANDARD = "gnu++0x";
				CLANG_CXX_LIBRARY = "libc++";
				CLANG_ENABLE_MODULES = YES;
				CLANG_ENABLE_OBJC_ARC = YES;
				CLANG_WARN_BOOL_CONVERSION = YES;
				CLANG_WARN_CONSTANT_CONVERSION = YES;
				CLANG_WARN_DIRECT_OBJC_ISA_USAGE = YES_ERROR;
				CLANG_WARN_DOCUMENTATION_COMMENTS = YES;
				CLANG_WARN_EMPTY_BODY = YES;
				CLANG_WARN_ENUM_CONVERSION = YES;
				CLANG_WARN_INFINITE_RECURSION = YES;
				CLANG_WARN_INT_CONVERSION = YES;
				CLANG_WARN_OBJC_ROOT_CLASS = YES_ERROR;
				CLANG_WARN_SUSPICIOUS_MOVES = YES;
				CLANG_WARN_UNREACHABLE_CODE = YES;
				CLANG_WARN__DUPLICATE_METHOD_MATCH = YES;
				"CODE_SIGN_IDENTITY[sdk=iphoneos*]" = "iPhone Developer";
				COPY_PHASE_STRIP = NO;
				DEBUG_INFORMATION_FORMAT = "dwarf-with-dsym";
				ENABLE_NS_ASSERTIONS = NO;
				ENABLE_STRICT_OBJC_MSGSEND = YES;
				GCC_C_LANGUAGE_STANDARD = gnu99;
				GCC_NO_COMMON_BLOCKS = YES;
				GCC_WARN_64_TO_32_BIT_CONVERSION = YES;
				GCC_WARN_ABOUT_RETURN_TYPE = YES_ERROR;
				GCC_WARN_UNDECLARED_SELECTOR = YES;
				GCC_WARN_UNINITIALIZED_AUTOS = YES_AGGRESSIVE;
				GCC_WARN_UNUSED_FUNCTION = YES;
				GCC_WARN_UNUSED_VARIABLE = YES;
				IPHONEOS_DEPLOYMENT_TARGET = 10.0;
				MTL_ENABLE_DEBUG_INFO = NO;
				SDKROOT = iphoneos;
				SWIFT_OPTIMIZATION_LEVEL = "-Owholemodule";
				TARGETED_DEVICE_FAMILY = "1,2";
				VALIDATE_PRODUCT = YES;
			};
			name = Release;
		};
		E86C9BCB1DB07857003EA077 /* Debug */ = {
			isa = XCBuildConfiguration;
			buildSettings = {
				ASSETCATALOG_COMPILER_APPICON_NAME = AppIcon;
				DEVELOPMENT_TEAM = P2VUSKCQLP;
				INFOPLIST_FILE = "iOS-10-Sampler/Info.plist";
				LD_RUNPATH_SEARCH_PATHS = "$(inherited) @executable_path/Frameworks";
				PRODUCT_BUNDLE_IDENTIFIER = "com.shf.xtc.iOS-10-Sampler";
				PRODUCT_NAME = "$(TARGET_NAME)";
				SWIFT_VERSION = 3.0;
			};
			name = Debug;
		};
		E86C9BCC1DB07857003EA077 /* Release */ = {
			isa = XCBuildConfiguration;
			buildSettings = {
				ASSETCATALOG_COMPILER_APPICON_NAME = AppIcon;
				DEVELOPMENT_TEAM = P2VUSKCQLP;
				INFOPLIST_FILE = "iOS-10-Sampler/Info.plist";
				LD_RUNPATH_SEARCH_PATHS = "$(inherited) @executable_path/Frameworks";
				PRODUCT_BUNDLE_IDENTIFIER = "com.shf.xtc.iOS-10-Sampler";
				PRODUCT_NAME = "$(TARGET_NAME)";
				SWIFT_VERSION = 3.0;
			};
			name = Release;
		};
/* End XCBuildConfiguration section */

/* Begin XCConfigurationList section */
		E86C9BB31DB07857003EA077 /* Build configuration list for PBXProject "iOS-10-Sampler" */ = {
			isa = XCConfigurationList;
			buildConfigurations = (
				E86C9BC81DB07857003EA077 /* Debug */,
				E86C9BC91DB07857003EA077 /* Release */,
			);
			defaultConfigurationIsVisible = 0;
			defaultConfigurationName = Release;
		};
		E86C9BCA1DB07857003EA077 /* Build configuration list for PBXNativeTarget "iOS-10-Sampler" */ = {
			isa = XCConfigurationList;
			buildConfigurations = (
				E86C9BCB1DB07857003EA077 /* Debug */,
				E86C9BCC1DB07857003EA077 /* Release */,
			);
			defaultConfigurationIsVisible = 0;
			defaultConfigurationName = Release;
		};
/* End XCConfigurationList section */
	};
	rootObject = E86C9BB01DB07857003EA077 /* Project object */;
}
